// !$*UTF8*$!
{
	archiveVersion = 1;
	classes = {
	};
	objectVersion = 56;
	objects = {

/* Begin PBXBuildFile section */
		A01655B72ABAA9E600F91A15 /* PomoTimerApp.swift in Sources */ = {isa = PBXBuildFile; fileRef = A01655B62ABAA9E600F91A15 /* PomoTimerApp.swift */; };
		A01655B92ABAA9E600F91A15 /* ContentView.swift in Sources */ = {isa = PBXBuildFile; fileRef = A01655B82ABAA9E600F91A15 /* ContentView.swift */; };
		A01655BB2ABAA9E700F91A15 /* Assets.xcassets in Resources */ = {isa = PBXBuildFile; fileRef = A01655BA2ABAA9E700F91A15 /* Assets.xcassets */; };
		A01655BF2ABAA9E700F91A15 /* Preview Assets.xcassets in Resources */ = {isa = PBXBuildFile; fileRef = A01655BE2ABAA9E700F91A15 /* Preview Assets.xcassets */; };
		A01655C92ABAA9E700F91A15 /* PomoTimerTests.swift in Sources */ = {isa = PBXBuildFile; fileRef = A01655C82ABAA9E700F91A15 /* PomoTimerTests.swift */; };
		A01655D32ABAA9E700F91A15 /* PomoTimerUITests.swift in Sources */ = {isa = PBXBuildFile; fileRef = A01655D22ABAA9E700F91A15 /* PomoTimerUITests.swift */; };
		A01655D52ABAA9E700F91A15 /* PomoTimerUITestsLaunchTests.swift in Sources */ = {isa = PBXBuildFile; fileRef = A01655D42ABAA9E700F91A15 /* PomoTimerUITestsLaunchTests.swift */; };
/* End PBXBuildFile section */

/* Begin PBXContainerItemProxy section */
		A01655C52ABAA9E700F91A15 /* PBXContainerItemProxy */ = {
			isa = PBXContainerItemProxy;
			containerPortal = A01655AB2ABAA9E600F91A15 /* Project object */;
			proxyType = 1;
			remoteGlobalIDString = A01655B22ABAA9E600F91A15;
			remoteInfo = PomoTimer;
		};
		A01655CF2ABAA9E700F91A15 /* PBXContainerItemProxy */ = {
			isa = PBXContainerItemProxy;
			containerPortal = A01655AB2ABAA9E600F91A15 /* Project object */;
			proxyType = 1;
			remoteGlobalIDString = A01655B22ABAA9E600F91A15;
			remoteInfo = PomoTimer;
		};
/* End PBXContainerItemProxy section */

/* Begin PBXFileReference section */
		A01655B32ABAA9E600F91A15 /* PomoTimer.app */ = {isa = PBXFileReference; explicitFileType = wrapper.application; includeInIndex = 0; path = PomoTimer.app; sourceTree = BUILT_PRODUCTS_DIR; };
		A01655B62ABAA9E600F91A15 /* PomoTimerApp.swift */ = {isa = PBXFileReference; lastKnownFileType = sourcecode.swift; path = PomoTimerApp.swift; sourceTree = "<group>"; };
		A01655B82ABAA9E600F91A15 /* ContentView.swift */ = {isa = PBXFileReference; lastKnownFileType = sourcecode.swift; path = ContentView.swift; sourceTree = "<group>"; };
		A01655BA2ABAA9E700F91A15 /* Assets.xcassets */ = {isa = PBXFileReference; lastKnownFileType = folder.assetcatalog; path = Assets.xcassets; sourceTree = "<group>"; };
		A01655BC2ABAA9E700F91A15 /* PomoTimer.entitlements */ = {isa = PBXFileReference; lastKnownFileType = text.plist.entitlements; path = PomoTimer.entitlements; sourceTree = "<group>"; };
		A01655BE2ABAA9E700F91A15 /* Preview Assets.xcassets */ = {isa = PBXFileReference; lastKnownFileType = folder.assetcatalog; path = "Preview Assets.xcassets"; sourceTree = "<group>"; };
		A01655C42ABAA9E700F91A15 /* PomoTimerTests.xctest */ = {isa = PBXFileReference; explicitFileType = wrapper.cfbundle; includeInIndex = 0; path = PomoTimerTests.xctest; sourceTree = BUILT_PRODUCTS_DIR; };
		A01655C82ABAA9E700F91A15 /* PomoTimerTests.swift */ = {isa = PBXFileReference; lastKnownFileType = sourcecode.swift; path = PomoTimerTests.swift; sourceTree = "<group>"; };
		A01655CE2ABAA9E700F91A15 /* PomoTimerUITests.xctest */ = {isa = PBXFileReference; explicitFileType = wrapper.cfbundle; includeInIndex = 0; path = PomoTimerUITests.xctest; sourceTree = BUILT_PRODUCTS_DIR; };
		A01655D22ABAA9E700F91A15 /* PomoTimerUITests.swift */ = {isa = PBXFileReference; lastKnownFileType = sourcecode.swift; path = PomoTimerUITests.swift; sourceTree = "<group>"; };
		A01655D42ABAA9E700F91A15 /* PomoTimerUITestsLaunchTests.swift */ = {isa = PBXFileReference; lastKnownFileType = sourcecode.swift; path = PomoTimerUITestsLaunchTests.swift; sourceTree = "<group>"; };
/* End PBXFileReference section */

/* Begin PBXFrameworksBuildPhase section */
		A01655B02ABAA9E600F91A15 /* Frameworks */ = {
			isa = PBXFrameworksBuildPhase;
			buildActionMask = 2147483647;
			files = (
			);
			runOnlyForDeploymentPostprocessing = 0;
		};
		A01655C12ABAA9E700F91A15 /* Frameworks */ = {
			isa = PBXFrameworksBuildPhase;
			buildActionMask = 2147483647;
			files = (
			);
			runOnlyForDeploymentPostprocessing = 0;
		};
		A01655CB2ABAA9E700F91A15 /* Frameworks */ = {
			isa = PBXFrameworksBuildPhase;
			buildActionMask = 2147483647;
			files = (
			);
			runOnlyForDeploymentPostprocessing = 0;
		};
/* End PBXFrameworksBuildPhase section */

/* Begin PBXGroup section */
		A01655AA2ABAA9E600F91A15 = {
			isa = PBXGroup;
			children = (
				A01655B52ABAA9E600F91A15 /* PomoTimer */,
				A01655C72ABAA9E700F91A15 /* PomoTimerTests */,
				A01655D12ABAA9E700F91A15 /* PomoTimerUITests */,
				A01655B42ABAA9E600F91A15 /* Products */,
			);
			sourceTree = "<group>";
		};
		A01655B42ABAA9E600F91A15 /* Products */ = {
			isa = PBXGroup;
			children = (
				A01655B32ABAA9E600F91A15 /* PomoTimer.app */,
				A01655C42ABAA9E700F91A15 /* PomoTimerTests.xctest */,
				A01655CE2ABAA9E700F91A15 /* PomoTimerUITests.xctest */,
			);
			name = Products;
			sourceTree = "<group>";
		};
		A01655B52ABAA9E600F91A15 /* PomoTimer */ = {
			isa = PBXGroup;
			children = (
				A01655B62ABAA9E600F91A15 /* PomoTimerApp.swift */,
				A01655B82ABAA9E600F91A15 /* ContentView.swift */,
				A01655BA2ABAA9E700F91A15 /* Assets.xcassets */,
				A01655BC2ABAA9E700F91A15 /* PomoTimer.entitlements */,
				A01655BD2ABAA9E700F91A15 /* Preview Content */,
			);
			path = PomoTimer;
			sourceTree = "<group>";
		};
		A01655BD2ABAA9E700F91A15 /* Preview Content */ = {
			isa = PBXGroup;
			children = (
				A01655BE2ABAA9E700F91A15 /* Preview Assets.xcassets */,
			);
			path = "Preview Content";
			sourceTree = "<group>";
		};
		A01655C72ABAA9E700F91A15 /* PomoTimerTests */ = {
			isa = PBXGroup;
			children = (
				A01655C82ABAA9E700F91A15 /* PomoTimerTests.swift */,
			);
			path = PomoTimerTests;
			sourceTree = "<group>";
		};
		A01655D12ABAA9E700F91A15 /* PomoTimerUITests */ = {
			isa = PBXGroup;
			children = (
				A01655D22ABAA9E700F91A15 /* PomoTimerUITests.swift */,
				A01655D42ABAA9E700F91A15 /* PomoTimerUITestsLaunchTests.swift */,
			);
			path = PomoTimerUITests;
			sourceTree = "<group>";
		};
/* End PBXGroup section */

/* Begin PBXNativeTarget section */
		A01655B22ABAA9E600F91A15 /* PomoTimer */ = {
			isa = PBXNativeTarget;
			buildConfigurationList = A01655D82ABAA9E700F91A15 /* Build configuration list for PBXNativeTarget "PomoTimer" */;
			buildPhases = (
				A01655AF2ABAA9E600F91A15 /* Sources */,
				A01655B02ABAA9E600F91A15 /* Frameworks */,
				A01655B12ABAA9E600F91A15 /* Resources */,
			);
			buildRules = (
			);
			dependencies = (
			);
			name = PomoTimer;
			productName = PomoTimer;
			productReference = A01655B32ABAA9E600F91A15 /* PomoTimer.app */;
			productType = "com.apple.product-type.application";
		};
		A01655C32ABAA9E700F91A15 /* PomoTimerTests */ = {
			isa = PBXNativeTarget;
			buildConfigurationList = A01655DB2ABAA9E700F91A15 /* Build configuration list for PBXNativeTarget "PomoTimerTests" */;
			buildPhases = (
				A01655C02ABAA9E700F91A15 /* Sources */,
				A01655C12ABAA9E700F91A15 /* Frameworks */,
				A01655C22ABAA9E700F91A15 /* Resources */,
			);
			buildRules = (
			);
			dependencies = (
				A01655C62ABAA9E700F91A15 /* PBXTargetDependency */,
			);
			name = PomoTimerTests;
			productName = PomoTimerTests;
			productReference = A01655C42ABAA9E700F91A15 /* PomoTimerTests.xctest */;
			productType = "com.apple.product-type.bundle.unit-test";
		};
		A01655CD2ABAA9E700F91A15 /* PomoTimerUITests */ = {
			isa = PBXNativeTarget;
			buildConfigurationList = A01655DE2ABAA9E700F91A15 /* Build configuration list for PBXNativeTarget "PomoTimerUITests" */;
			buildPhases = (
				A01655CA2ABAA9E700F91A15 /* Sources */,
				A01655CB2ABAA9E700F91A15 /* Frameworks */,
				A01655CC2ABAA9E700F91A15 /* Resources */,
			);
			buildRules = (
			);
			dependencies = (
				A01655D02ABAA9E700F91A15 /* PBXTargetDependency */,
			);
			name = PomoTimerUITests;
			productName = PomoTimerUITests;
			productReference = A01655CE2ABAA9E700F91A15 /* PomoTimerUITests.xctest */;
			productType = "com.apple.product-type.bundle.ui-testing";
		};
/* End PBXNativeTarget section */

/* Begin PBXProject section */
		A01655AB2ABAA9E600F91A15 /* Project object */ = {
			isa = PBXProject;
			attributes = {
				BuildIndependentTargetsInParallel = 1;
				LastSwiftUpdateCheck = 1500;
				LastUpgradeCheck = 1500;
				TargetAttributes = {
					A01655B22ABAA9E600F91A15 = {
						CreatedOnToolsVersion = 15.0;
					};
					A01655C32ABAA9E700F91A15 = {
						CreatedOnToolsVersion = 15.0;
						TestTargetID = A01655B22ABAA9E600F91A15;
					};
					A01655CD2ABAA9E700F91A15 = {
						CreatedOnToolsVersion = 15.0;
						TestTargetID = A01655B22ABAA9E600F91A15;
					};
				};
			};
			buildConfigurationList = A01655AE2ABAA9E600F91A15 /* Build configuration list for PBXProject "PomoTimer" */;
			compatibilityVersion = "Xcode 14.0";
			developmentRegion = en;
			hasScannedForEncodings = 0;
			knownRegions = (
				en,
				Base,
			);
			mainGroup = A01655AA2ABAA9E600F91A15;
			productRefGroup = A01655B42ABAA9E600F91A15 /* Products */;
			projectDirPath = "";
			projectRoot = "";
			targets = (
				A01655B22ABAA9E600F91A15 /* PomoTimer */,
				A01655C32ABAA9E700F91A15 /* PomoTimerTests */,
				A01655CD2ABAA9E700F91A15 /* PomoTimerUITests */,
			);
		};
/* End PBXProject section */

/* Begin PBXResourcesBuildPhase section */
		A01655B12ABAA9E600F91A15 /* Resources */ = {
			isa = PBXResourcesBuildPhase;
			buildActionMask = 2147483647;
			files = (
				A01655BF2ABAA9E700F91A15 /* Preview Assets.xcassets in Resources */,
				A01655BB2ABAA9E700F91A15 /* Assets.xcassets in Resources */,
			);
			runOnlyForDeploymentPostprocessing = 0;
		};
		A01655C22ABAA9E700F91A15 /* Resources */ = {
			isa = PBXResourcesBuildPhase;
			buildActionMask = 2147483647;
			files = (
			);
			runOnlyForDeploymentPostprocessing = 0;
		};
		A01655CC2ABAA9E700F91A15 /* Resources */ = {
			isa = PBXResourcesBuildPhase;
			buildActionMask = 2147483647;
			files = (
			);
			runOnlyForDeploymentPostprocessing = 0;
		};
/* End PBXResourcesBuildPhase section */

/* Begin PBXSourcesBuildPhase section */
		A01655AF2ABAA9E600F91A15 /* Sources */ = {
			isa = PBXSourcesBuildPhase;
			buildActionMask = 2147483647;
			files = (
				A01655B92ABAA9E600F91A15 /* ContentView.swift in Sources */,
				A01655B72ABAA9E600F91A15 /* PomoTimerApp.swift in Sources */,
			);
			runOnlyForDeploymentPostprocessing = 0;
		};
		A01655C02ABAA9E700F91A15 /* Sources */ = {
			isa = PBXSourcesBuildPhase;
			buildActionMask = 2147483647;
			files = (
				A01655C92ABAA9E700F91A15 /* PomoTimerTests.swift in Sources */,
			);
			runOnlyForDeploymentPostprocessing = 0;
		};
		A01655CA2ABAA9E700F91A15 /* Sources */ = {
			isa = PBXSourcesBuildPhase;
			buildActionMask = 2147483647;
			files = (
				A01655D32ABAA9E700F91A15 /* PomoTimerUITests.swift in Sources */,
				A01655D52ABAA9E700F91A15 /* PomoTimerUITestsLaunchTests.swift in Sources */,
			);
			runOnlyForDeploymentPostprocessing = 0;
		};
/* End PBXSourcesBuildPhase section */

/* Begin PBXTargetDependency section */
		A01655C62ABAA9E700F91A15 /* PBXTargetDependency */ = {
			isa = PBXTargetDependency;
			target = A01655B22ABAA9E600F91A15 /* PomoTimer */;
			targetProxy = A01655C52ABAA9E700F91A15 /* PBXContainerItemProxy */;
		};
		A01655D02ABAA9E700F91A15 /* PBXTargetDependency */ = {
			isa = PBXTargetDependency;
			target = A01655B22ABAA9E600F91A15 /* PomoTimer */;
			targetProxy = A01655CF2ABAA9E700F91A15 /* PBXContainerItemProxy */;
		};
/* End PBXTargetDependency section */

/* Begin XCBuildConfiguration section */
		A01655D62ABAA9E700F91A15 /* Debug */ = {
			isa = XCBuildConfiguration;
			buildSettings = {
				ALWAYS_SEARCH_USER_PATHS = NO;
				ASSETCATALOG_COMPILER_GENERATE_SWIFT_ASSET_SYMBOL_EXTENSIONS = YES;
				CLANG_ANALYZER_NONNULL = YES;
				CLANG_ANALYZER_NUMBER_OBJECT_CONVERSION = YES_AGGRESSIVE;
				CLANG_CXX_LANGUAGE_STANDARD = "gnu++20";
				CLANG_ENABLE_MODULES = YES;
				CLANG_ENABLE_OBJC_ARC = YES;
				CLANG_ENABLE_OBJC_WEAK = YES;
				CLANG_WARN_BLOCK_CAPTURE_AUTORELEASING = YES;
				CLANG_WARN_BOOL_CONVERSION = YES;
				CLANG_WARN_COMMA = YES;
				CLANG_WARN_CONSTANT_CONVERSION = YES;
				CLANG_WARN_DEPRECATED_OBJC_IMPLEMENTATIONS = YES;
				CLANG_WARN_DIRECT_OBJC_ISA_USAGE = YES_ERROR;
				CLANG_WARN_DOCUMENTATION_COMMENTS = YES;
				CLANG_WARN_EMPTY_BODY = YES;
				CLANG_WARN_ENUM_CONVERSION = YES;
				CLANG_WARN_INFINITE_RECURSION = YES;
				CLANG_WARN_INT_CONVERSION = YES;
				CLANG_WARN_NON_LITERAL_NULL_CONVERSION = YES;
				CLANG_WARN_OBJC_IMPLICIT_RETAIN_SELF = YES;
				CLANG_WARN_OBJC_LITERAL_CONVERSION = YES;
				CLANG_WARN_OBJC_ROOT_CLASS = YES_ERROR;
				CLANG_WARN_QUOTED_INCLUDE_IN_FRAMEWORK_HEADER = YES;
				CLANG_WARN_RANGE_LOOP_ANALYSIS = YES;
				CLANG_WARN_STRICT_PROTOTYPES = YES;
				CLANG_WARN_SUSPICIOUS_MOVE = YES;
				CLANG_WARN_UNGUARDED_AVAILABILITY = YES_AGGRESSIVE;
				CLANG_WARN_UNREACHABLE_CODE = YES;
				CLANG_WARN__DUPLICATE_METHOD_MATCH = YES;
				COPY_PHASE_STRIP = NO;
				DEBUG_INFORMATION_FORMAT = dwarf;
				ENABLE_STRICT_OBJC_MSGSEND = YES;
				ENABLE_TESTABILITY = YES;
				ENABLE_USER_SCRIPT_SANDBOXING = YES;
				GCC_C_LANGUAGE_STANDARD = gnu17;
				GCC_DYNAMIC_NO_PIC = NO;
				GCC_NO_COMMON_BLOCKS = YES;
				GCC_OPTIMIZATION_LEVEL = 0;
				GCC_PREPROCESSOR_DEFINITIONS = (
					"DEBUG=1",
					"$(inherited)",
				);
				GCC_WARN_64_TO_32_BIT_CONVERSION = YES;
				GCC_WARN_ABOUT_RETURN_TYPE = YES_ERROR;
				GCC_WARN_UNDECLARED_SELECTOR = YES;
				GCC_WARN_UNINITIALIZED_AUTOS = YES_AGGRESSIVE;
				GCC_WARN_UNUSED_FUNCTION = YES;
				GCC_WARN_UNUSED_VARIABLE = YES;
				LOCALIZATION_PREFERS_STRING_CATALOGS = YES;
				MTL_ENABLE_DEBUG_INFO = INCLUDE_SOURCE;
				MTL_FAST_MATH = YES;
				ONLY_ACTIVE_ARCH = YES;
				SWIFT_ACTIVE_COMPILATION_CONDITIONS = "DEBUG $(inherited)";
				SWIFT_OPTIMIZATION_LEVEL = "-Onone";
			};
			name = Debug;
		};
		A01655D72ABAA9E700F91A15 /* Release */ = {
			isa = XCBuildConfiguration;
			buildSettings = {
				ALWAYS_SEARCH_USER_PATHS = NO;
				ASSETCATALOG_COMPILER_GENERATE_SWIFT_ASSET_SYMBOL_EXTENSIONS = YES;
				CLANG_ANALYZER_NONNULL = YES;
				CLANG_ANALYZER_NUMBER_OBJECT_CONVERSION = YES_AGGRESSIVE;
				CLANG_CXX_LANGUAGE_STANDARD = "gnu++20";
				CLANG_ENABLE_MODULES = YES;
				CLANG_ENABLE_OBJC_ARC = YES;
				CLANG_ENABLE_OBJC_WEAK = YES;
				CLANG_WARN_BLOCK_CAPTURE_AUTORELEASING = YES;
				CLANG_WARN_BOOL_CONVERSION = YES;
				CLANG_WARN_COMMA = YES;
				CLANG_WARN_CONSTANT_CONVERSION = YES;
				CLANG_WARN_DEPRECATED_OBJC_IMPLEMENTATIONS = YES;
				CLANG_WARN_DIRECT_OBJC_ISA_USAGE = YES_ERROR;
				CLANG_WARN_DOCUMENTATION_COMMENTS = YES;
				CLANG_WARN_EMPTY_BODY = YES;
				CLANG_WARN_ENUM_CONVERSION = YES;
				CLANG_WARN_INFINITE_RECURSION = YES;
				CLANG_WARN_INT_CONVERSION = YES;
				CLANG_WARN_NON_LITERAL_NULL_CONVERSION = YES;
				CLANG_WARN_OBJC_IMPLICIT_RETAIN_SELF = YES;
				CLANG_WARN_OBJC_LITERAL_CONVERSION = YES;
				CLANG_WARN_OBJC_ROOT_CLASS = YES_ERROR;
				CLANG_WARN_QUOTED_INCLUDE_IN_FRAMEWORK_HEADER = YES;
				CLANG_WARN_RANGE_LOOP_ANALYSIS = YES;
				CLANG_WARN_STRICT_PROTOTYPES = YES;
				CLANG_WARN_SUSPICIOUS_MOVE = YES;
				CLANG_WARN_UNGUARDED_AVAILABILITY = YES_AGGRESSIVE;
				CLANG_WARN_UNREACHABLE_CODE = YES;
				CLANG_WARN__DUPLICATE_METHOD_MATCH = YES;
				COPY_PHASE_STRIP = NO;
				DEBUG_INFORMATION_FORMAT = "dwarf-with-dsym";
				ENABLE_NS_ASSERTIONS = NO;
				ENABLE_STRICT_OBJC_MSGSEND = YES;
				ENABLE_USER_SCRIPT_SANDBOXING = YES;
				GCC_C_LANGUAGE_STANDARD = gnu17;
				GCC_NO_COMMON_BLOCKS = YES;
				GCC_WARN_64_TO_32_BIT_CONVERSION = YES;
				GCC_WARN_ABOUT_RETURN_TYPE = YES_ERROR;
				GCC_WARN_UNDECLARED_SELECTOR = YES;
				GCC_WARN_UNINITIALIZED_AUTOS = YES_AGGRESSIVE;
				GCC_WARN_UNUSED_FUNCTION = YES;
				GCC_WARN_UNUSED_VARIABLE = YES;
				LOCALIZATION_PREFERS_STRING_CATALOGS = YES;
				MTL_ENABLE_DEBUG_INFO = NO;
				MTL_FAST_MATH = YES;
				SWIFT_COMPILATION_MODE = wholemodule;
			};
			name = Release;
		};
		A01655D92ABAA9E700F91A15 /* Debug */ = {
			isa = XCBuildConfiguration;
			buildSettings = {
				ASSETCATALOG_COMPILER_APPICON_NAME = AppIcon;
				ASSETCATALOG_COMPILER_GLOBAL_ACCENT_COLOR_NAME = AccentColor;
				CODE_SIGN_ENTITLEMENTS = PomoTimer/PomoTimer.entitlements;
				CODE_SIGN_STYLE = Automatic;
				CURRENT_PROJECT_VERSION = 1;
				DEVELOPMENT_ASSET_PATHS = "\"PomoTimer/Preview Content\"";
				DEVELOPMENT_TEAM = 8Y28UR94RA;
				ENABLE_HARDENED_RUNTIME = YES;
				ENABLE_PREVIEWS = YES;
				GENERATE_INFOPLIST_FILE = YES;
				"INFOPLIST_KEY_UIApplicationSceneManifest_Generation[sdk=iphoneos*]" = YES;
				"INFOPLIST_KEY_UIApplicationSceneManifest_Generation[sdk=iphonesimulator*]" = YES;
				"INFOPLIST_KEY_UIApplicationSupportsIndirectInputEvents[sdk=iphoneos*]" = YES;
				"INFOPLIST_KEY_UIApplicationSupportsIndirectInputEvents[sdk=iphonesimulator*]" = YES;
				"INFOPLIST_KEY_UILaunchScreen_Generation[sdk=iphoneos*]" = YES;
				"INFOPLIST_KEY_UILaunchScreen_Generation[sdk=iphonesimulator*]" = YES;
				"INFOPLIST_KEY_UIStatusBarStyle[sdk=iphoneos*]" = UIStatusBarStyleDefault;
				"INFOPLIST_KEY_UIStatusBarStyle[sdk=iphonesimulator*]" = UIStatusBarStyleDefault;
				INFOPLIST_KEY_UISupportedInterfaceOrientations_iPad = "UIInterfaceOrientationPortrait UIInterfaceOrientationPortraitUpsideDown UIInterfaceOrientationLandscapeLeft UIInterfaceOrientationLandscapeRight";
				INFOPLIST_KEY_UISupportedInterfaceOrientations_iPhone = "UIInterfaceOrientationPortrait UIInterfaceOrientationLandscapeLeft UIInterfaceOrientationLandscapeRight";
				IPHONEOS_DEPLOYMENT_TARGET = 17.0;
				LD_RUNPATH_SEARCH_PATHS = "@executable_path/Frameworks";
				"LD_RUNPATH_SEARCH_PATHS[sdk=macosx*]" = "@executable_path/../Frameworks";
				MACOSX_DEPLOYMENT_TARGET = 13.5;
				MARKETING_VERSION = 1.0;
				PRODUCT_BUNDLE_IDENTIFIER = com.sravan.PomoTimer;
				PRODUCT_NAME = "$(TARGET_NAME)";
				SDKROOT = auto;
				SUPPORTED_PLATFORMS = "iphoneos iphonesimulator macosx";
				SWIFT_EMIT_LOC_STRINGS = YES;
				SWIFT_VERSION = 5.0;
				TARGETED_DEVICE_FAMILY = "1,2";
			};
			name = Debug;
		};
		A01655DA2ABAA9E700F91A15 /* Release */ = {
			isa = XCBuildConfiguration;
			buildSettings = {
				ASSETCATALOG_COMPILER_APPICON_NAME = AppIcon;
				ASSETCATALOG_COMPILER_GLOBAL_ACCENT_COLOR_NAME = AccentColor;
				CODE_SIGN_ENTITLEMENTS = PomoTimer/PomoTimer.entitlements;
				CODE_SIGN_STYLE = Automatic;
				CURRENT_PROJECT_VERSION = 1;
				DEVELOPMENT_ASSET_PATHS = "\"PomoTimer/Preview Content\"";
				DEVELOPMENT_TEAM = 8Y28UR94RA;
				ENABLE_HARDENED_RUNTIME = YES;
				ENABLE_PREVIEWS = YES;
				GENERATE_INFOPLIST_FILE = YES;
				"INFOPLIST_KEY_UIApplicationSceneManifest_Generation[sdk=iphoneos*]" = YES;
				"INFOPLIST_KEY_UIApplicationSceneManifest_Generation[sdk=iphonesimulator*]" = YES;
				"INFOPLIST_KEY_UIApplicationSupportsIndirectInputEvents[sdk=iphoneos*]" = YES;
				"INFOPLIST_KEY_UIApplicationSupportsIndirectInputEvents[sdk=iphonesimulator*]" = YES;
				"INFOPLIST_KEY_UILaunchScreen_Generation[sdk=iphoneos*]" = YES;
				"INFOPLIST_KEY_UILaunchScreen_Generation[sdk=iphonesimulator*]" = YES;
				"INFOPLIST_KEY_UIStatusBarStyle[sdk=iphoneos*]" = UIStatusBarStyleDefault;
				"INFOPLIST_KEY_UIStatusBarStyle[sdk=iphonesimulator*]" = UIStatusBarStyleDefault;
				INFOPLIST_KEY_UISupportedInterfaceOrientations_iPad = "UIInterfaceOrientationPortrait UIInterfaceOrientationPortraitUpsideDown UIInterfaceOrientationLandscapeLeft UIInterfaceOrientationLandscapeRight";
				INFOPLIST_KEY_UISupportedInterfaceOrientations_iPhone = "UIInterfaceOrientationPortrait UIInterfaceOrientationLandscapeLeft UIInterfaceOrientationLandscapeRight";
				IPHONEOS_DEPLOYMENT_TARGET = 17.0;
				LD_RUNPATH_SEARCH_PATHS = "@executable_path/Frameworks";
				"LD_RUNPATH_SEARCH_PATHS[sdk=macosx*]" = "@executable_path/../Frameworks";
				MACOSX_DEPLOYMENT_TARGET = 13.5;
				MARKETING_VERSION = 1.0;
				PRODUCT_BUNDLE_IDENTIFIER = com.sravan.PomoTimer;
				PRODUCT_NAME = "$(TARGET_NAME)";
				SDKROOT = auto;
				SUPPORTED_PLATFORMS = "iphoneos iphonesimulator macosx";
				SWIFT_EMIT_LOC_STRINGS = YES;
				SWIFT_VERSION = 5.0;
				TARGETED_DEVICE_FAMILY = "1,2";
			};
			name = Release;
		};
		A01655DC2ABAA9E700F91A15 /* Debug */ = {
			isa = XCBuildConfiguration;
			buildSettings = {
				ALWAYS_EMBED_SWIFT_STANDARD_LIBRARIES = YES;
				BUNDLE_LOADER = "$(TEST_HOST)";
				CODE_SIGN_STYLE = Automatic;
				CURRENT_PROJECT_VERSION = 1;
				DEVELOPMENT_TEAM = 8Y28UR94RA;
				GENERATE_INFOPLIST_FILE = YES;
				IPHONEOS_DEPLOYMENT_TARGET = 17.0;
				MACOSX_DEPLOYMENT_TARGET = 13.5;
				MARKETING_VERSION = 1.0;
				PRODUCT_BUNDLE_IDENTIFIER = com.sravan.PomoTimerTests;
				PRODUCT_NAME = "$(TARGET_NAME)";
				SDKROOT = auto;
				SUPPORTED_PLATFORMS = "iphoneos iphonesimulator macosx";
				SWIFT_EMIT_LOC_STRINGS = NO;
				SWIFT_VERSION = 5.0;
				TARGETED_DEVICE_FAMILY = "1,2";
				TEST_HOST = "$(BUILT_PRODUCTS_DIR)/PomoTimer.app/$(BUNDLE_EXECUTABLE_FOLDER_PATH)/PomoTimer";
			};
			name = Debug;
		};
		A01655DD2ABAA9E700F91A15 /* Release */ = {
			isa = XCBuildConfiguration;
			buildSettings = {
				ALWAYS_EMBED_SWIFT_STANDARD_LIBRARIES = YES;
				BUNDLE_LOADER = "$(TEST_HOST)";
				CODE_SIGN_STYLE = Automatic;
				CURRENT_PROJECT_VERSION = 1;
				DEVELOPMENT_TEAM = 8Y28UR94RA;
				GENERATE_INFOPLIST_FILE = YES;
				IPHONEOS_DEPLOYMENT_TARGET = 17.0;
				MACOSX_DEPLOYMENT_TARGET = 13.5;
				MARKETING_VERSION = 1.0;
				PRODUCT_BUNDLE_IDENTIFIER = com.sravan.PomoTimerTests;
				PRODUCT_NAME = "$(TARGET_NAME)";
				SDKROOT = auto;
				SUPPORTED_PLATFORMS = "iphoneos iphonesimulator macosx";
				SWIFT_EMIT_LOC_STRINGS = NO;
				SWIFT_VERSION = 5.0;
				TARGETED_DEVICE_FAMILY = "1,2";
				TEST_HOST = "$(BUILT_PRODUCTS_DIR)/PomoTimer.app/$(BUNDLE_EXECUTABLE_FOLDER_PATH)/PomoTimer";
			};
			name = Release;
		};
		A01655DF2ABAA9E700F91A15 /* Debug */ = {
			isa = XCBuildConfiguration;
			buildSettings = {
				ALWAYS_EMBED_SWIFT_STANDARD_LIBRARIES = YES;
				CODE_SIGN_STYLE = Automatic;
				CURRENT_PROJECT_VERSION = 1;
				DEVELOPMENT_TEAM = 8Y28UR94RA;
				GENERATE_INFOPLIST_FILE = YES;
				IPHONEOS_DEPLOYMENT_TARGET = 17.0;
				MACOSX_DEPLOYMENT_TARGET = 13.5;
				MARKETING_VERSION = 1.0;
				PRODUCT_BUNDLE_IDENTIFIER = com.sravan.PomoTimerUITests;
				PRODUCT_NAME = "$(TARGET_NAME)";
				SDKROOT = auto;
				SUPPORTED_PLATFORMS = "iphoneos iphonesimulator macosx";
				SWIFT_EMIT_LOC_STRINGS = NO;
				SWIFT_VERSION = 5.0;
				TARGETED_DEVICE_FAMILY = "1,2";
				TEST_TARGET_NAME = PomoTimer;
			};
			name = Debug;
		};
		A01655E02ABAA9E700F91A15 /* Release */ = {
			isa = XCBuildConfiguration;
			buildSettings = {
				ALWAYS_EMBED_SWIFT_STANDARD_LIBRARIES = YES;
				CODE_SIGN_STYLE = Automatic;
				CURRENT_PROJECT_VERSION = 1;
				DEVELOPMENT_TEAM = 8Y28UR94RA;
				GENERATE_INFOPLIST_FILE = YES;
				IPHONEOS_DEPLOYMENT_TARGET = 17.0;
				MACOSX_DEPLOYMENT_TARGET = 13.5;
				MARKETING_VERSION = 1.0;
				PRODUCT_BUNDLE_IDENTIFIER = com.sravan.PomoTimerUITests;
				PRODUCT_NAME = "$(TARGET_NAME)";
				SDKROOT = auto;
				SUPPORTED_PLATFORMS = "iphoneos iphonesimulator macosx";
				SWIFT_EMIT_LOC_STRINGS = NO;
				SWIFT_VERSION = 5.0;
				TARGETED_DEVICE_FAMILY = "1,2";
				TEST_TARGET_NAME = PomoTimer;
			};
			name = Release;
		};
/* End XCBuildConfiguration section */

/* Begin XCConfigurationList section */
		A01655AE2ABAA9E600F91A15 /* Build configuration list for PBXProject "PomoTimer" */ = {
			isa = XCConfigurationList;
			buildConfigurations = (
				A01655D62ABAA9E700F91A15 /* Debug */,
				A01655D72ABAA9E700F91A15 /* Release */,
			);
			defaultConfigurationIsVisible = 0;
			defaultConfigurationName = Release;
		};
		A01655D82ABAA9E700F91A15 /* Build configuration list for PBXNativeTarget "PomoTimer" */ = {
			isa = XCConfigurationList;
			buildConfigurations = (
				A01655D92ABAA9E700F91A15 /* Debug */,
				A01655DA2ABAA9E700F91A15 /* Release */,
			);
			defaultConfigurationIsVisible = 0;
			defaultConfigurationName = Release;
		};
		A01655DB2ABAA9E700F91A15 /* Build configuration list for PBXNativeTarget "PomoTimerTests" */ = {
			isa = XCConfigurationList;
			buildConfigurations = (
				A01655DC2ABAA9E700F91A15 /* Debug */,
				A01655DD2ABAA9E700F91A15 /* Release */,
			);
			defaultConfigurationIsVisible = 0;
			defaultConfigurationName = Release;
		};
		A01655DE2ABAA9E700F91A15 /* Build configuration list for PBXNativeTarget "PomoTimerUITests" */ = {
			isa = XCConfigurationList;
			buildConfigurations = (
				A01655DF2ABAA9E700F91A15 /* Debug */,
				A01655E02ABAA9E700F91A15 /* Release */,
			);
			defaultConfigurationIsVisible = 0;
			defaultConfigurationName = Release;
		};
/* End XCConfigurationList section */
	};
	rootObject = A01655AB2ABAA9E600F91A15 /* Project object */;
}
